// !$*UTF8*$!
{
	archiveVersion = 1;
	classes = {
	};
	objectVersion = 56;
	objects = {

/* Begin PBXBuildFile section */
		893D052829BA0C6200DB179D /* UserModel.xcdatamodeld in Sources */ = {isa = PBXBuildFile; fileRef = 893D052629BA0C6100DB179D /* UserModel.xcdatamodeld */; };
		893D053529BA127A00DB179D /* CacheUser+CoreDataClass.swift in Sources */ = {isa = PBXBuildFile; fileRef = 893D053129BA127A00DB179D /* CacheUser+CoreDataClass.swift */; };
		893D053629BA127A00DB179D /* CacheUser+CoreDataProperties.swift in Sources */ = {isa = PBXBuildFile; fileRef = 893D053229BA127A00DB179D /* CacheUser+CoreDataProperties.swift */; };
		893D053729BA127A00DB179D /* CacheFriend+CoreDataClass.swift in Sources */ = {isa = PBXBuildFile; fileRef = 893D053329BA127A00DB179D /* CacheFriend+CoreDataClass.swift */; };
		893D053829BA127A00DB179D /* CacheFriend+CoreDataProperties.swift in Sources */ = {isa = PBXBuildFile; fileRef = 893D053429BA127A00DB179D /* CacheFriend+CoreDataProperties.swift */; };
		893D053A29BADC4A00DB179D /* DataController.swift in Sources */ = {isa = PBXBuildFile; fileRef = 893D053929BADC4A00DB179D /* DataController.swift */; };
		89FCA6E029B8BF4D00A75E5E /* FriendFaceApp.swift in Sources */ = {isa = PBXBuildFile; fileRef = 89FCA6DF29B8BF4D00A75E5E /* FriendFaceApp.swift */; };
		89FCA6E229B8BF4D00A75E5E /* ContentView.swift in Sources */ = {isa = PBXBuildFile; fileRef = 89FCA6E129B8BF4D00A75E5E /* ContentView.swift */; };
		89FCA6E429B8BF4E00A75E5E /* Assets.xcassets in Resources */ = {isa = PBXBuildFile; fileRef = 89FCA6E329B8BF4E00A75E5E /* Assets.xcassets */; };
		89FCA6E729B8BF4E00A75E5E /* Preview Assets.xcassets in Resources */ = {isa = PBXBuildFile; fileRef = 89FCA6E629B8BF4E00A75E5E /* Preview Assets.xcassets */; };
		89FCA6EE29B8BF9A00A75E5E /* User.swift in Sources */ = {isa = PBXBuildFile; fileRef = 89FCA6ED29B8BF9A00A75E5E /* User.swift */; };
		89FCA6F029B8D09700A75E5E /* UserView.swift in Sources */ = {isa = PBXBuildFile; fileRef = 89FCA6EF29B8D09700A75E5E /* UserView.swift */; };
/* End PBXBuildFile section */

/* Begin PBXFileReference section */
		893D052729BA0C6200DB179D /* UserModel.xcdatamodel */ = {isa = PBXFileReference; lastKnownFileType = wrapper.xcdatamodel; path = UserModel.xcdatamodel; sourceTree = "<group>"; };
		893D053129BA127A00DB179D /* CacheUser+CoreDataClass.swift */ = {isa = PBXFileReference; lastKnownFileType = sourcecode.swift; path = "CacheUser+CoreDataClass.swift"; sourceTree = "<group>"; };
		893D053229BA127A00DB179D /* CacheUser+CoreDataProperties.swift */ = {isa = PBXFileReference; lastKnownFileType = sourcecode.swift; path = "CacheUser+CoreDataProperties.swift"; sourceTree = "<group>"; };
		893D053329BA127A00DB179D /* CacheFriend+CoreDataClass.swift */ = {isa = PBXFileReference; lastKnownFileType = sourcecode.swift; path = "CacheFriend+CoreDataClass.swift"; sourceTree = "<group>"; };
		893D053429BA127A00DB179D /* CacheFriend+CoreDataProperties.swift */ = {isa = PBXFileReference; lastKnownFileType = sourcecode.swift; path = "CacheFriend+CoreDataProperties.swift"; sourceTree = "<group>"; };
		893D053929BADC4A00DB179D /* DataController.swift */ = {isa = PBXFileReference; lastKnownFileType = sourcecode.swift; path = DataController.swift; sourceTree = "<group>"; };
		89FCA6DC29B8BF4D00A75E5E /* FriendFace.app */ = {isa = PBXFileReference; explicitFileType = wrapper.application; includeInIndex = 0; path = FriendFace.app; sourceTree = BUILT_PRODUCTS_DIR; };
		89FCA6DF29B8BF4D00A75E5E /* FriendFaceApp.swift */ = {isa = PBXFileReference; lastKnownFileType = sourcecode.swift; path = FriendFaceApp.swift; sourceTree = "<group>"; };
		89FCA6E129B8BF4D00A75E5E /* ContentView.swift */ = {isa = PBXFileReference; lastKnownFileType = sourcecode.swift; path = ContentView.swift; sourceTree = "<group>"; };
		89FCA6E329B8BF4E00A75E5E /* Assets.xcassets */ = {isa = PBXFileReference; lastKnownFileType = folder.assetcatalog; path = Assets.xcassets; sourceTree = "<group>"; };
		89FCA6E629B8BF4E00A75E5E /* Preview Assets.xcassets */ = {isa = PBXFileReference; lastKnownFileType = folder.assetcatalog; path = "Preview Assets.xcassets"; sourceTree = "<group>"; };
		89FCA6ED29B8BF9A00A75E5E /* User.swift */ = {isa = PBXFileReference; lastKnownFileType = sourcecode.swift; path = User.swift; sourceTree = "<group>"; };
		89FCA6EF29B8D09700A75E5E /* UserView.swift */ = {isa = PBXFileReference; lastKnownFileType = sourcecode.swift; path = UserView.swift; sourceTree = "<group>"; };
/* End PBXFileReference section */

/* Begin PBXFrameworksBuildPhase section */
		89FCA6D929B8BF4D00A75E5E /* Frameworks */ = {
			isa = PBXFrameworksBuildPhase;
			buildActionMask = 2147483647;
			files = (
			);
			runOnlyForDeploymentPostprocessing = 0;
		};
/* End PBXFrameworksBuildPhase section */

/* Begin PBXGroup section */
		89FCA6D329B8BF4C00A75E5E = {
			isa = PBXGroup;
			children = (
				89FCA6DE29B8BF4D00A75E5E /* FriendFace */,
				89FCA6DD29B8BF4D00A75E5E /* Products */,
			);
			sourceTree = "<group>";
		};
		89FCA6DD29B8BF4D00A75E5E /* Products */ = {
			isa = PBXGroup;
			children = (
				89FCA6DC29B8BF4D00A75E5E /* FriendFace.app */,
			);
			name = Products;
			sourceTree = "<group>";
		};
		89FCA6DE29B8BF4D00A75E5E /* FriendFace */ = {
			isa = PBXGroup;
			children = (
				893D053129BA127A00DB179D /* CacheUser+CoreDataClass.swift */,
				893D053229BA127A00DB179D /* CacheUser+CoreDataProperties.swift */,
				893D053329BA127A00DB179D /* CacheFriend+CoreDataClass.swift */,
				893D053429BA127A00DB179D /* CacheFriend+CoreDataProperties.swift */,
				893D053929BADC4A00DB179D /* DataController.swift */,
				89FCA6DF29B8BF4D00A75E5E /* FriendFaceApp.swift */,
				89FCA6E129B8BF4D00A75E5E /* ContentView.swift */,
				89FCA6EF29B8D09700A75E5E /* UserView.swift */,
				893D052629BA0C6100DB179D /* UserModel.xcdatamodeld */,
				89FCA6ED29B8BF9A00A75E5E /* User.swift */,
				89FCA6E329B8BF4E00A75E5E /* Assets.xcassets */,
				89FCA6E529B8BF4E00A75E5E /* Preview Content */,
			);
			path = FriendFace;
			sourceTree = "<group>";
		};
		89FCA6E529B8BF4E00A75E5E /* Preview Content */ = {
			isa = PBXGroup;
			children = (
				89FCA6E629B8BF4E00A75E5E /* Preview Assets.xcassets */,
			);
			path = "Preview Content";
			sourceTree = "<group>";
		};
/* End PBXGroup section */

/* Begin PBXNativeTarget section */
		89FCA6DB29B8BF4D00A75E5E /* FriendFace */ = {
			isa = PBXNativeTarget;
			buildConfigurationList = 89FCA6EA29B8BF4E00A75E5E /* Build configuration list for PBXNativeTarget "FriendFace" */;
			buildPhases = (
				89FCA6D829B8BF4D00A75E5E /* Sources */,
				89FCA6D929B8BF4D00A75E5E /* Frameworks */,
				89FCA6DA29B8BF4D00A75E5E /* Resources */,
			);
			buildRules = (
			);
			dependencies = (
			);
			name = FriendFace;
			productName = FriendFace;
			productReference = 89FCA6DC29B8BF4D00A75E5E /* FriendFace.app */;
			productType = "com.apple.product-type.application";
		};
/* End PBXNativeTarget section */

/* Begin PBXProject section */
		89FCA6D429B8BF4C00A75E5E /* Project object */ = {
			isa = PBXProject;
			attributes = {
				BuildIndependentTargetsInParallel = 1;
				LastSwiftUpdateCheck = 1420;
				LastUpgradeCheck = 1420;
				TargetAttributes = {
					89FCA6DB29B8BF4D00A75E5E = {
						CreatedOnToolsVersion = 14.2;
					};
				};
			};
			buildConfigurationList = 89FCA6D729B8BF4C00A75E5E /* Build configuration list for PBXProject "FriendFace" */;
			compatibilityVersion = "Xcode 14.0";
			developmentRegion = en;
			hasScannedForEncodings = 0;
			knownRegions = (
				en,
				Base,
			);
			mainGroup = 89FCA6D329B8BF4C00A75E5E;
			productRefGroup = 89FCA6DD29B8BF4D00A75E5E /* Products */;
			projectDirPath = "";
			projectRoot = "";
			targets = (
				89FCA6DB29B8BF4D00A75E5E /* FriendFace */,
			);
		};
/* End PBXProject section */

/* Begin PBXResourcesBuildPhase section */
		89FCA6DA29B8BF4D00A75E5E /* Resources */ = {
			isa = PBXResourcesBuildPhase;
			buildActionMask = 2147483647;
			files = (
				89FCA6E729B8BF4E00A75E5E /* Preview Assets.xcassets in Resources */,
				89FCA6E429B8BF4E00A75E5E /* Assets.xcassets in Resources */,
			);
			runOnlyForDeploymentPostprocessing = 0;
		};
/* End PBXResourcesBuildPhase section */

/* Begin PBXSourcesBuildPhase section */
		89FCA6D829B8BF4D00A75E5E /* Sources */ = {
			isa = PBXSourcesBuildPhase;
			buildActionMask = 2147483647;
			files = (
				893D052829BA0C6200DB179D /* UserModel.xcdatamodeld in Sources */,
				893D053629BA127A00DB179D /* CacheUser+CoreDataProperties.swift in Sources */,
				89FCA6E229B8BF4D00A75E5E /* ContentView.swift in Sources */,
				893D053829BA127A00DB179D /* CacheFriend+CoreDataProperties.swift in Sources */,
				89FCA6E029B8BF4D00A75E5E /* FriendFaceApp.swift in Sources */,
				893D053A29BADC4A00DB179D /* DataController.swift in Sources */,
				89FCA6EE29B8BF9A00A75E5E /* User.swift in Sources */,
				893D053729BA127A00DB179D /* CacheFriend+CoreDataClass.swift in Sources */,
				893D053529BA127A00DB179D /* CacheUser+CoreDataClass.swift in Sources */,
				89FCA6F029B8D09700A75E5E /* UserView.swift in Sources */,
			);
			runOnlyForDeploymentPostprocessing = 0;
		};
/* End PBXSourcesBuildPhase section */

/* Begin XCBuildConfiguration section */
		89FCA6E829B8BF4E00A75E5E /* Debug */ = {
			isa = XCBuildConfiguration;
			buildSettings = {
				ALWAYS_SEARCH_USER_PATHS = NO;
				CLANG_ANALYZER_NONNULL = YES;
				CLANG_ANALYZER_NUMBER_OBJECT_CONVERSION = YES_AGGRESSIVE;
				CLANG_CXX_LANGUAGE_STANDARD = "gnu++20";
				CLANG_ENABLE_MODULES = YES;
				CLANG_ENABLE_OBJC_ARC = YES;
				CLANG_ENABLE_OBJC_WEAK = YES;
				CLANG_WARN_BLOCK_CAPTURE_AUTORELEASING = YES;
				CLANG_WARN_BOOL_CONVERSION = YES;
				CLANG_WARN_COMMA = YES;
				CLANG_WARN_CONSTANT_CONVERSION = YES;
				CLANG_WARN_DEPRECATED_OBJC_IMPLEMENTATIONS = YES;
				CLANG_WARN_DIRECT_OBJC_ISA_USAGE = YES_ERROR;
				CLANG_WARN_DOCUMENTATION_COMMENTS = YES;
				CLANG_WARN_EMPTY_BODY = YES;
				CLANG_WARN_ENUM_CONVERSION = YES;
				CLANG_WARN_INFINITE_RECURSION = YES;
				CLANG_WARN_INT_CONVERSION = YES;
				CLANG_WARN_NON_LITERAL_NULL_CONVERSION = YES;
				CLANG_WARN_OBJC_IMPLICIT_RETAIN_SELF = YES;
				CLANG_WARN_OBJC_LITERAL_CONVERSION = YES;
				CLANG_WARN_OBJC_ROOT_CLASS = YES_ERROR;
				CLANG_WARN_QUOTED_INCLUDE_IN_FRAMEWORK_HEADER = YES;
				CLANG_WARN_RANGE_LOOP_ANALYSIS = YES;
				CLANG_WARN_STRICT_PROTOTYPES = YES;
				CLANG_WARN_SUSPICIOUS_MOVE = YES;
				CLANG_WARN_UNGUARDED_AVAILABILITY = YES_AGGRESSIVE;
				CLANG_WARN_UNREACHABLE_CODE = YES;
				CLANG_WARN__DUPLICATE_METHOD_MATCH = YES;
				COPY_PHASE_STRIP = NO;
				DEBUG_INFORMATION_FORMAT = dwarf;
				ENABLE_STRICT_OBJC_MSGSEND = YES;
				ENABLE_TESTABILITY = YES;
				GCC_C_LANGUAGE_STANDARD = gnu11;
				GCC_DYNAMIC_NO_PIC = NO;
				GCC_NO_COMMON_BLOCKS = YES;
				GCC_OPTIMIZATION_LEVEL = 0;
				GCC_PREPROCESSOR_DEFINITIONS = (
					"DEBUG=1",
					"$(inherited)",
				);
				GCC_WARN_64_TO_32_BIT_CONVERSION = YES;
				GCC_WARN_ABOUT_RETURN_TYPE = YES_ERROR;
				GCC_WARN_UNDECLARED_SELECTOR = YES;
				GCC_WARN_UNINITIALIZED_AUTOS = YES_AGGRESSIVE;
				GCC_WARN_UNUSED_FUNCTION = YES;
				GCC_WARN_UNUSED_VARIABLE = YES;
				IPHONEOS_DEPLOYMENT_TARGET = 16.2;
				MTL_ENABLE_DEBUG_INFO = INCLUDE_SOURCE;
				MTL_FAST_MATH = YES;
				ONLY_ACTIVE_ARCH = YES;
				SDKROOT = iphoneos;
				SWIFT_ACTIVE_COMPILATION_CONDITIONS = DEBUG;
				SWIFT_OPTIMIZATION_LEVEL = "-Onone";
			};
			name = Debug;
		};
		89FCA6E929B8BF4E00A75E5E /* Release */ = {
			isa = XCBuildConfiguration;
			buildSettings = {
				ALWAYS_SEARCH_USER_PATHS = NO;
				CLANG_ANALYZER_NONNULL = YES;
				CLANG_ANALYZER_NUMBER_OBJECT_CONVERSION = YES_AGGRESSIVE;
				CLANG_CXX_LANGUAGE_STANDARD = "gnu++20";
				CLANG_ENABLE_MODULES = YES;
				CLANG_ENABLE_OBJC_ARC = YES;
				CLANG_ENABLE_OBJC_WEAK = YES;
				CLANG_WARN_BLOCK_CAPTURE_AUTORELEASING = YES;
				CLANG_WARN_BOOL_CONVERSION = YES;
				CLANG_WARN_COMMA = YES;
				CLANG_WARN_CONSTANT_CONVERSION = YES;
				CLANG_WARN_DEPRECATED_OBJC_IMPLEMENTATIONS = YES;
				CLANG_WARN_DIRECT_OBJC_ISA_USAGE = YES_ERROR;
				CLANG_WARN_DOCUMENTATION_COMMENTS = YES;
				CLANG_WARN_EMPTY_BODY = YES;
				CLANG_WARN_ENUM_CONVERSION = YES;
				CLANG_WARN_INFINITE_RECURSION = YES;
				CLANG_WARN_INT_CONVERSION = YES;
				CLANG_WARN_NON_LITERAL_NULL_CONVERSION = YES;
				CLANG_WARN_OBJC_IMPLICIT_RETAIN_SELF = YES;
				CLANG_WARN_OBJC_LITERAL_CONVERSION = YES;
				CLANG_WARN_OBJC_ROOT_CLASS = YES_ERROR;
				CLANG_WARN_QUOTED_INCLUDE_IN_FRAMEWORK_HEADER = YES;
				CLANG_WARN_RANGE_LOOP_ANALYSIS = YES;
				CLANG_WARN_STRICT_PROTOTYPES = YES;
				CLANG_WARN_SUSPICIOUS_MOVE = YES;
				CLANG_WARN_UNGUARDED_AVAILABILITY = YES_AGGRESSIVE;
				CLANG_WARN_UNREACHABLE_CODE = YES;
				CLANG_WARN__DUPLICATE_METHOD_MATCH = YES;
				COPY_PHASE_STRIP = NO;
				DEBUG_INFORMATION_FORMAT = "dwarf-with-dsym";
				ENABLE_NS_ASSERTIONS = NO;
				ENABLE_STRICT_OBJC_MSGSEND = YES;
				GCC_C_LANGUAGE_STANDARD = gnu11;
				GCC_NO_COMMON_BLOCKS = YES;
				GCC_WARN_64_TO_32_BIT_CONVERSION = YES;
				GCC_WARN_ABOUT_RETURN_TYPE = YES_ERROR;
				GCC_WARN_UNDECLARED_SELECTOR = YES;
				GCC_WARN_UNINITIALIZED_AUTOS = YES_AGGRESSIVE;
				GCC_WARN_UNUSED_FUNCTION = YES;
				GCC_WARN_UNUSED_VARIABLE = YES;
				IPHONEOS_DEPLOYMENT_TARGET = 16.2;
				MTL_ENABLE_DEBUG_INFO = NO;
				MTL_FAST_MATH = YES;
				SDKROOT = iphoneos;
				SWIFT_COMPILATION_MODE = wholemodule;
				SWIFT_OPTIMIZATION_LEVEL = "-O";
				VALIDATE_PRODUCT = YES;
			};
			name = Release;
		};
		89FCA6EB29B8BF4E00A75E5E /* Debug */ = {
			isa = XCBuildConfiguration;
			buildSettings = {
				ASSETCATALOG_COMPILER_APPICON_NAME = AppIcon;
				ASSETCATALOG_COMPILER_GLOBAL_ACCENT_COLOR_NAME = AccentColor;
				CODE_SIGN_STYLE = Automatic;
				CURRENT_PROJECT_VERSION = 1;
				DEVELOPMENT_ASSET_PATHS = "\"FriendFace/Preview Content\"";
				ENABLE_PREVIEWS = YES;
				GENERATE_INFOPLIST_FILE = YES;
				INFOPLIST_KEY_UIApplicationSceneManifest_Generation = YES;
				INFOPLIST_KEY_UIApplicationSupportsIndirectInputEvents = YES;
				INFOPLIST_KEY_UILaunchScreen_Generation = YES;
				INFOPLIST_KEY_UISupportedInterfaceOrientations_iPad = "UIInterfaceOrientationPortrait UIInterfaceOrientationPortraitUpsideDown UIInterfaceOrientationLandscapeLeft UIInterfaceOrientationLandscapeRight";
				INFOPLIST_KEY_UISupportedInterfaceOrientations_iPhone = "UIInterfaceOrientationPortrait UIInterfaceOrientationLandscapeLeft UIInterfaceOrientationLandscapeRight";
				LD_RUNPATH_SEARCH_PATHS = (
					"$(inherited)",
					"@executable_path/Frameworks",
				);
				MARKETING_VERSION = 1.0;
				PRODUCT_BUNDLE_IDENTIFIER = me.khan.faizaan.FriendFace;
				PRODUCT_NAME = "$(TARGET_NAME)";
				SWIFT_EMIT_LOC_STRINGS = YES;
				SWIFT_VERSION = 5.0;
				TARGETED_DEVICE_FAMILY = "1,2";
			};
			name = Debug;
		};
		89FCA6EC29B8BF4E00A75E5E /* Release */ = {
			isa = XCBuildConfiguration;
			buildSettings = {
				ASSETCATALOG_COMPILER_APPICON_NAME = AppIcon;
				ASSETCATALOG_COMPILER_GLOBAL_ACCENT_COLOR_NAME = AccentColor;
				CODE_SIGN_STYLE = Automatic;
				CURRENT_PROJECT_VERSION = 1;
				DEVELOPMENT_ASSET_PATHS = "\"FriendFace/Preview Content\"";
				ENABLE_PREVIEWS = YES;
				GENERATE_INFOPLIST_FILE = YES;
				INFOPLIST_KEY_UIApplicationSceneManifest_Generation = YES;
				INFOPLIST_KEY_UIApplicationSupportsIndirectInputEvents = YES;
				INFOPLIST_KEY_UILaunchScreen_Generation = YES;
				INFOPLIST_KEY_UISupportedInterfaceOrientations_iPad = "UIInterfaceOrientationPortrait UIInterfaceOrientationPortraitUpsideDown UIInterfaceOrientationLandscapeLeft UIInterfaceOrientationLandscapeRight";
				INFOPLIST_KEY_UISupportedInterfaceOrientations_iPhone = "UIInterfaceOrientationPortrait UIInterfaceOrientationLandscapeLeft UIInterfaceOrientationLandscapeRight";
				LD_RUNPATH_SEARCH_PATHS = (
					"$(inherited)",
					"@executable_path/Frameworks",
				);
				MARKETING_VERSION = 1.0;
				PRODUCT_BUNDLE_IDENTIFIER = me.khan.faizaan.FriendFace;
				PRODUCT_NAME = "$(TARGET_NAME)";
				SWIFT_EMIT_LOC_STRINGS = YES;
				SWIFT_VERSION = 5.0;
				TARGETED_DEVICE_FAMILY = "1,2";
			};
			name = Release;
		};
/* End XCBuildConfiguration section */

/* Begin XCConfigurationList section */
		89FCA6D729B8BF4C00A75E5E /* Build configuration list for PBXProject "FriendFace" */ = {
			isa = XCConfigurationList;
			buildConfigurations = (
				89FCA6E829B8BF4E00A75E5E /* Debug */,
				89FCA6E929B8BF4E00A75E5E /* Release */,
			);
			defaultConfigurationIsVisible = 0;
			defaultConfigurationName = Release;
		};
		89FCA6EA29B8BF4E00A75E5E /* Build configuration list for PBXNativeTarget "FriendFace" */ = {
			isa = XCConfigurationList;
			buildConfigurations = (
				89FCA6EB29B8BF4E00A75E5E /* Debug */,
				89FCA6EC29B8BF4E00A75E5E /* Release */,
			);
			defaultConfigurationIsVisible = 0;
			defaultConfigurationName = Release;
		};
/* End XCConfigurationList section */

/* Begin XCVersionGroup section */
		893D052629BA0C6100DB179D /* UserModel.xcdatamodeld */ = {
			isa = XCVersionGroup;
			children = (
				893D052729BA0C6200DB179D /* UserModel.xcdatamodel */,
			);
			currentVersion = 893D052729BA0C6200DB179D /* UserModel.xcdatamodel */;
			path = UserModel.xcdatamodeld;
			sourceTree = "<group>";
			versionGroupType = wrapper.xcdatamodel;
		};
/* End XCVersionGroup section */
	};
	rootObject = 89FCA6D429B8BF4C00A75E5E /* Project object */;
}
